// !$*UTF8*$!
{
	archiveVersion = 1;
	classes = {
	};
	objectVersion = 50;
	objects = {

/* Begin PBXBuildFile section */
		559BE460270F7BD800B93F2C /* Cocoa.framework in Frameworks */ = {isa = PBXBuildFile; fileRef = 6D79B0D9223262CA008C9CB7 /* Cocoa.framework */; };
		6D70DA80218B3F210022E13B /* Alan License.rtf in Copy Documentation Files */ = {isa = PBXBuildFile; fileRef = 6D70DA7C218B3EFC0022E13B /* Alan License.rtf */; };
		6D76780022B17AB200C80DDE /* QuartzCore.framework in Frameworks */ = {isa = PBXBuildFile; fileRef = 6D7677FE22B1430700C80DDE /* QuartzCore.framework */; };
		6D85C898218BD6E10088D849 /* HelpPanelController.xib in Resources */ = {isa = PBXBuildFile; fileRef = 6D85C896218BD6E00088D849 /* HelpPanelController.xib */; };
		6D85C899218BE4AC0088D849 /* Glulxe License.rtf in Copy Documentation Files */ = {isa = PBXBuildFile; fileRef = 6D70DA7E218B3EFC0022E13B /* Glulxe License.rtf */; };
		6DCDD44C23104AC4006715DD /* fonts in Resources */ = {isa = PBXBuildFile; fileRef = 6DCDD44B23104AC4006715DD /* fonts */; };
		6DCDF48A244CD97100EB5D3B /* Spatterlight.xcdatamodeld in Sources */ = {isa = PBXBuildFile; fileRef = 6DCDF488244CD97100EB5D3B /* Spatterlight.xcdatamodeld */; };
		6DCFFC2722BCD1BB0035FA99 /* Fonts License.rtf in Copy Documentation Files */ = {isa = PBXBuildFile; fileRef = 6DCFFC2022BCD1730035FA99 /* Fonts License.rtf */; };
		961CCEF009F23A0000528FF9 /* GlkGraphicsWindow.m in Sources */ = {isa = PBXBuildFile; fileRef = 961CCEDC09F239E700528FF9 /* GlkGraphicsWindow.m */; };
		961CCEF109F23A0000528FF9 /* AppDelegate.m in Sources */ = {isa = PBXBuildFile; fileRef = 961CCEDE09F239E700528FF9 /* AppDelegate.m */; };
		961CCEF209F23A0000528FF9 /* main.m in Sources */ = {isa = PBXBuildFile; fileRef = 961CCEE009F239E700528FF9 /* main.m */; };
		961CCEF509F23A0000528FF9 /* GlkTextBufferWindow.m in Sources */ = {isa = PBXBuildFile; fileRef = 961CCEE609F239E700528FF9 /* GlkTextBufferWindow.m */; };
		961CCEF609F23A0000528FF9 /* GlkTextGridWindow.m in Sources */ = {isa = PBXBuildFile; fileRef = 961CCEE809F239E700528FF9 /* GlkTextGridWindow.m */; };
		961CCEF709F23A0000528FF9 /* GlkWindow.m in Sources */ = {isa = PBXBuildFile; fileRef = 961CCEEA09F239E700528FF9 /* GlkWindow.m */; };
		961CCF3D09F2946700528FF9 /* MainMenu.xib in Resources */ = {isa = PBXBuildFile; fileRef = 961CCF2C09F2940F00528FF9 /* MainMenu.xib */; };
		961CCF3E09F2946700528FF9 /* PrefsWindow.xib in Resources */ = {isa = PBXBuildFile; fileRef = 961CCF2D09F2940F00528FF9 /* PrefsWindow.xib */; };
		961CCF4009F2946F00528FF9 /* Credits.rtf in Resources */ = {isa = PBXBuildFile; fileRef = 961CCF2309F2940F00528FF9 /* Credits.rtf */; };
		961CCF4509F2947700528FF9 /* GNU Public License.rtf in Copy Documentation Files */ = {isa = PBXBuildFile; fileRef = 961CCF2909F2940F00528FF9 /* GNU Public License.rtf */; };
		961CCF4609F2947700528FF9 /* Hugo License.rtf in Copy Documentation Files */ = {isa = PBXBuildFile; fileRef = 961CCF2A09F2940F00528FF9 /* Hugo License.rtf */; };
		961CCF4709F2947700528FF9 /* SDL License.rtf in Copy Documentation Files */ = {isa = PBXBuildFile; fileRef = 961CCF2B09F2940F00528FF9 /* SDL License.rtf */; };
		966EFA7809F635D400FA7F19 /* Defaults.plist in Resources */ = {isa = PBXBuildFile; fileRef = 966EFA7709F635D400FA7F19 /* Defaults.plist */; };
		96A80EFD09F5821400CC75F4 /* InfoPlist.strings in Resources */ = {isa = PBXBuildFile; fileRef = 96A80EFC09F5821400CC75F4 /* InfoPlist.strings */; };
		96A9BBA40A0668EB001B5B9B /* GameWindow.xib in Resources */ = {isa = PBXBuildFile; fileRef = 96A9BBA30A0668EB001B5B9B /* GameWindow.xib */; };
		96B6FE6F0A0E4E0200E62E4D /* Question.png in Resources */ = {isa = PBXBuildFile; fileRef = 96B6FE6E0A0E4E0200E62E4D /* Question.png */; };
		96FBD8F00A094E30002F6087 /* InfoPanel.xib in Resources */ = {isa = PBXBuildFile; fileRef = 96FBD8EF0A094E2F002F6087 /* InfoPanel.xib */; };
		C301D30D25D35E9300DC4A2B /* Media.xcassets in Resources */ = {isa = PBXBuildFile; fileRef = C301D30C25D35E9300DC4A2B /* Media.xcassets */; };
		C31AF2F427165168007B7120 /* CoreData.framework in Frameworks */ = {isa = PBXBuildFile; fileRef = 6D79B0DD223262CA008C9CB7 /* CoreData.framework */; };
		C31AF2FA271652A0007B7120 /* CoreSpotlight.framework in Frameworks */ = {isa = PBXBuildFile; fileRef = C31AF2F9271652A0007B7120 /* CoreSpotlight.framework */; };
		C353F04626264242006D17E3 /* SubImage.m in Sources */ = {isa = PBXBuildFile; fileRef = C353EFAD26263D85006D17E3 /* SubImage.m */; };
		C37E676226E992440005873E /* AudioToolbox.framework in Frameworks */ = {isa = PBXBuildFile; fileRef = C37E676126E992440005873E /* AudioToolbox.framework */; };
		C37E676426E992590005873E /* AudioUnit.framework in Frameworks */ = {isa = PBXBuildFile; fileRef = C37E676326E992590005873E /* AudioUnit.framework */; };
		C381012A1EDA297E00B87B68 /* GlkController.m in Sources */ = {isa = PBXBuildFile; fileRef = C38101291EDA297E00B87B68 /* GlkController.m */; };
		C3853E7129679175002D4A27 /* SplitView.storyboard in Resources */ = {isa = PBXBuildFile; fileRef = C3853E7029679175002D4A27 /* SplitView.storyboard */; };
		C38BE433263AEAA60091B17A /* ParagraphPopOver.xib in Resources */ = {isa = PBXBuildFile; fileRef = C38BE432263AEAA60091B17A /* ParagraphPopOver.xib */; };
		C3A2079A2727B1BE00BAAA24 /* Security.framework in Frameworks */ = {isa = PBXBuildFile; fileRef = C3A207982727B1BE00BAAA24 /* Security.framework */; };
		C3AD642526176737008614C5 /* BufferTextView.m in Sources */ = {isa = PBXBuildFile; fileRef = C3AD642426176737008614C5 /* BufferTextView.m */; };
		C3AD64DE26176DC5008614C5 /* GridTextView.m in Sources */ = {isa = PBXBuildFile; fileRef = C3AD64DD26176DC5008614C5 /* GridTextView.m */; };
		C3F709162756127B00CAD227 /* DownloadButton.xib in Resources */ = {isa = PBXBuildFile; fileRef = C3F709152756127B00CAD227 /* DownloadButton.xib */; };
/* End PBXBuildFile section */

/* Begin PBXCopyFilesBuildPhase section */
		9650315509F296CF0083E64E /* Copy Interpreter Files */ = {
			isa = PBXCopyFilesBuildPhase;
			buildActionMask = 2147483647;
			dstSubfolderSpec = 6;
			files = (
			);
			name = "Copy Interpreter Files";
			runOnlyForDeploymentPostprocessing = 0;
		};
		967E3F610A0FFA5C00F1A1A3 /* Copy Documentation Files */ = {
			isa = PBXCopyFilesBuildPhase;
			buildActionMask = 2147483647;
			dstPath = docs;
			dstSubfolderSpec = 7;
			files = (
				6DCFFC2722BCD1BB0035FA99 /* Fonts License.rtf in Copy Documentation Files */,
				6D85C899218BE4AC0088D849 /* Glulxe License.rtf in Copy Documentation Files */,
				6D70DA80218B3F210022E13B /* Alan License.rtf in Copy Documentation Files */,
				961CCF4509F2947700528FF9 /* GNU Public License.rtf in Copy Documentation Files */,
				961CCF4609F2947700528FF9 /* Hugo License.rtf in Copy Documentation Files */,
				961CCF4709F2947700528FF9 /* SDL License.rtf in Copy Documentation Files */,
			);
			name = "Copy Documentation Files";
			runOnlyForDeploymentPostprocessing = 0;
		};
		C311DED625C472C000484639 /* Embed App Extensions */ = {
			isa = PBXCopyFilesBuildPhase;
			buildActionMask = 2147483647;
			dstPath = "";
			dstSubfolderSpec = 13;
			files = (
			);
			name = "Embed App Extensions";
			runOnlyForDeploymentPostprocessing = 0;
		};
		C344B2CE26E4DA87004B0A8F /* Embed Frameworks */ = {
			isa = PBXCopyFilesBuildPhase;
			buildActionMask = 2147483647;
			dstSubfolderSpec = 10;
			files = (
			);
			name = "Embed Frameworks";
			runOnlyForDeploymentPostprocessing = 0;
		};
/* End PBXCopyFilesBuildPhase section */

/* Begin PBXFileReference section */
		6D21273A246C28D100D775A8 /* Spatterlight 2.xcdatamodel */ = {isa = PBXFileReference; lastKnownFileType = wrapper.xcdatamodel; path = "Spatterlight 2.xcdatamodel"; sourceTree = "<group>"; };
		6D70DA7C218B3EFC0022E13B /* Alan License.rtf */ = {isa = PBXFileReference; lastKnownFileType = text.rtf; path = "Alan License.rtf"; sourceTree = "<group>"; };
		6D70DA7E218B3EFC0022E13B /* Glulxe License.rtf */ = {isa = PBXFileReference; lastKnownFileType = text.rtf; path = "Glulxe License.rtf"; sourceTree = "<group>"; };
		6D7677FE22B1430700C80DDE /* QuartzCore.framework */ = {isa = PBXFileReference; lastKnownFileType = wrapper.framework; name = QuartzCore.framework; path = System/Library/Frameworks/QuartzCore.framework; sourceTree = SDKROOT; };
		6D79B0D9223262CA008C9CB7 /* Cocoa.framework */ = {isa = PBXFileReference; lastKnownFileType = wrapper.framework; name = Cocoa.framework; path = System/Library/Frameworks/Cocoa.framework; sourceTree = SDKROOT; };
		6D79B0DC223262CA008C9CB7 /* AppKit.framework */ = {isa = PBXFileReference; lastKnownFileType = wrapper.framework; name = AppKit.framework; path = System/Library/Frameworks/AppKit.framework; sourceTree = SDKROOT; };
		6D79B0DD223262CA008C9CB7 /* CoreData.framework */ = {isa = PBXFileReference; lastKnownFileType = wrapper.framework; name = CoreData.framework; path = System/Library/Frameworks/CoreData.framework; sourceTree = SDKROOT; };
		6D79B0DE223262CA008C9CB7 /* Foundation.framework */ = {isa = PBXFileReference; lastKnownFileType = wrapper.framework; name = Foundation.framework; path = System/Library/Frameworks/Foundation.framework; sourceTree = SDKROOT; };
		6D85C896218BD6E00088D849 /* HelpPanelController.xib */ = {isa = PBXFileReference; fileEncoding = 4; lastKnownFileType = file.xib; name = HelpPanelController.xib; path = ../application/HelpPanelController.xib; sourceTree = "<group>"; };
		6DC1FAEC252A3DB900540C6E /* Spatterlight 3.xcdatamodel */ = {isa = PBXFileReference; lastKnownFileType = wrapper.xcdatamodel; path = "Spatterlight 3.xcdatamodel"; sourceTree = "<group>"; };
		6DCDD44B23104AC4006715DD /* fonts */ = {isa = PBXFileReference; lastKnownFileType = folder; path = fonts; sourceTree = "<group>"; };
		6DCDF489244CD97100EB5D3B /* Spatterlight.xcdatamodel */ = {isa = PBXFileReference; lastKnownFileType = wrapper.xcdatamodel; path = Spatterlight.xcdatamodel; sourceTree = "<group>"; };
		6DCFFC2022BCD1730035FA99 /* Fonts License.rtf */ = {isa = PBXFileReference; fileEncoding = 4; lastKnownFileType = text.rtf; path = "Fonts License.rtf"; sourceTree = "<group>"; };
		961CCEC409F239C100528FF9 /* Spatterlight.app */ = {isa = PBXFileReference; explicitFileType = wrapper.application; includeInIndex = 0; path = Spatterlight.app; sourceTree = BUILT_PRODUCTS_DIR; };
		961CCEDB09F239E700528FF9 /* GlkGraphicsWindow.h */ = {isa = PBXFileReference; fileEncoding = 4; lastKnownFileType = sourcecode.c.h; path = GlkGraphicsWindow.h; sourceTree = "<group>"; };
		961CCEDC09F239E700528FF9 /* GlkGraphicsWindow.m */ = {isa = PBXFileReference; fileEncoding = 4; lastKnownFileType = sourcecode.c.objc; path = GlkGraphicsWindow.m; sourceTree = "<group>"; };
		961CCEDD09F239E700528FF9 /* AppDelegate.h */ = {isa = PBXFileReference; fileEncoding = 4; lastKnownFileType = sourcecode.c.h; path = AppDelegate.h; sourceTree = "<group>"; };
		961CCEDE09F239E700528FF9 /* AppDelegate.m */ = {isa = PBXFileReference; fileEncoding = 4; lastKnownFileType = sourcecode.c.objc; path = AppDelegate.m; sourceTree = "<group>"; };
		961CCEDF09F239E700528FF9 /* main.h */ = {isa = PBXFileReference; fileEncoding = 4; lastKnownFileType = sourcecode.c.h; path = main.h; sourceTree = "<group>"; };
		961CCEE009F239E700528FF9 /* main.m */ = {isa = PBXFileReference; fileEncoding = 4; lastKnownFileType = sourcecode.c.objc; path = main.m; sourceTree = "<group>"; };
		961CCEE509F239E700528FF9 /* GlkTextBufferWindow.h */ = {isa = PBXFileReference; fileEncoding = 4; lastKnownFileType = sourcecode.c.h; path = GlkTextBufferWindow.h; sourceTree = "<group>"; };
		961CCEE609F239E700528FF9 /* GlkTextBufferWindow.m */ = {isa = PBXFileReference; fileEncoding = 4; lastKnownFileType = sourcecode.c.objc; path = GlkTextBufferWindow.m; sourceTree = "<group>"; };
		961CCEE709F239E700528FF9 /* GlkTextGridWindow.h */ = {isa = PBXFileReference; fileEncoding = 4; lastKnownFileType = sourcecode.c.h; path = GlkTextGridWindow.h; sourceTree = "<group>"; };
		961CCEE809F239E700528FF9 /* GlkTextGridWindow.m */ = {isa = PBXFileReference; fileEncoding = 4; lastKnownFileType = sourcecode.c.objc; path = GlkTextGridWindow.m; sourceTree = "<group>"; };
		961CCEE909F239E700528FF9 /* GlkWindow.h */ = {isa = PBXFileReference; fileEncoding = 4; lastKnownFileType = sourcecode.c.h; path = GlkWindow.h; sourceTree = "<group>"; };
		961CCEEA09F239E700528FF9 /* GlkWindow.m */ = {isa = PBXFileReference; fileEncoding = 4; lastKnownFileType = sourcecode.c.objc; path = GlkWindow.m; sourceTree = "<group>"; };
		961CCF2309F2940F00528FF9 /* Credits.rtf */ = {isa = PBXFileReference; lastKnownFileType = text.rtf; path = Credits.rtf; sourceTree = "<group>"; };
		961CCF2409F2940F00528FF9 /* IconApp.icns */ = {isa = PBXFileReference; lastKnownFileType = image.icns; path = IconApp.icns; sourceTree = "<group>"; };
		961CCF2509F2940F00528FF9 /* IconGame.icns */ = {isa = PBXFileReference; lastKnownFileType = image.icns; path = IconGame.icns; sourceTree = "<group>"; };
		961CCF2909F2940F00528FF9 /* GNU Public License.rtf */ = {isa = PBXFileReference; fileEncoding = 4; lastKnownFileType = text.rtf; path = "GNU Public License.rtf"; sourceTree = "<group>"; };
		961CCF2A09F2940F00528FF9 /* Hugo License.rtf */ = {isa = PBXFileReference; fileEncoding = 4; lastKnownFileType = text.rtf; path = "Hugo License.rtf"; sourceTree = "<group>"; };
		961CCF2B09F2940F00528FF9 /* SDL License.rtf */ = {isa = PBXFileReference; fileEncoding = 4; lastKnownFileType = text.rtf; path = "SDL License.rtf"; sourceTree = "<group>"; };
		961CCF2C09F2940F00528FF9 /* MainMenu.xib */ = {isa = PBXFileReference; lastKnownFileType = file.xib; path = MainMenu.xib; sourceTree = "<group>"; };
		961CCF2D09F2940F00528FF9 /* PrefsWindow.xib */ = {isa = PBXFileReference; lastKnownFileType = file.xib; path = PrefsWindow.xib; sourceTree = "<group>"; };
		9650319509F29D3E0083E64E /* Info.plist */ = {isa = PBXFileReference; fileEncoding = 30; lastKnownFileType = text.plist.xml; path = Info.plist; sourceTree = "<group>"; };
		966EFA7709F635D400FA7F19 /* Defaults.plist */ = {isa = PBXFileReference; fileEncoding = 4; lastKnownFileType = text.plist; path = Defaults.plist; sourceTree = "<group>"; };
		96A80EFC09F5821400CC75F4 /* InfoPlist.strings */ = {isa = PBXFileReference; fileEncoding = 4; lastKnownFileType = text.plist.strings; path = InfoPlist.strings; sourceTree = "<group>"; };
		96A9BB7A0A0662FA001B5B9B /* GlkController.h */ = {isa = PBXFileReference; fileEncoding = 4; lastKnownFileType = sourcecode.c.h; path = GlkController.h; sourceTree = "<group>"; };
		96A9BBA30A0668EB001B5B9B /* GameWindow.xib */ = {isa = PBXFileReference; lastKnownFileType = file.xib; path = GameWindow.xib; sourceTree = "<group>"; };
		96B6FE6E0A0E4E0200E62E4D /* Question.png */ = {isa = PBXFileReference; lastKnownFileType = image.png; path = Question.png; sourceTree = "<group>"; };
		96FBD8EF0A094E2F002F6087 /* InfoPanel.xib */ = {isa = PBXFileReference; lastKnownFileType = file.xib; path = InfoPanel.xib; sourceTree = "<group>"; };
		C301D30C25D35E9300DC4A2B /* Media.xcassets */ = {isa = PBXFileReference; lastKnownFileType = folder.assetcatalog; path = Media.xcassets; sourceTree = "<group>"; };
		C30451BF26A971DD006E3D51 /* imagetest.gblorb */ = {isa = PBXFileReference; lastKnownFileType = file; path = imagetest.gblorb; sourceTree = "<group>"; };
		C30451C126A9A8A5006E3D51 /* Transcript of autosavetest.txt */ = {isa = PBXFileReference; fileEncoding = 4; lastKnownFileType = text; path = "Transcript of autosavetest.txt"; sourceTree = "<group>"; };
		C309873F25CAF17200750F72 /* Spatterlight 6.xcdatamodel */ = {isa = PBXFileReference; lastKnownFileType = wrapper.xcdatamodel; path = "Spatterlight 6.xcdatamodel"; sourceTree = "<group>"; };
		C30BB94B2598B22D000F34F0 /* Spatterlight 4.xcdatamodel */ = {isa = PBXFileReference; lastKnownFileType = wrapper.xcdatamodel; path = "Spatterlight 4.xcdatamodel"; sourceTree = "<group>"; };
		C30D583F295F539100BA063C /* Spatterlight 13.xcdatamodel */ = {isa = PBXFileReference; lastKnownFileType = wrapper.xcdatamodel; path = "Spatterlight 13.xcdatamodel"; sourceTree = "<group>"; };
		C311875225BD8F1E00739D7B /* ogg.xcodeproj */ = {isa = PBXFileReference; explicitFileType = sourcecode.c.objc; name = ogg.xcodeproj; path = /Users/administrator/spatterlight/SFBAudioEngine/Libraries/ogg/ogg.xcodeproj; sourceTree = "<absolute>"; };
		C311DEF625C472E500484639 /* Quartz.framework */ = {isa = PBXFileReference; lastKnownFileType = wrapper.framework; name = Quartz.framework; path = System/Library/Frameworks/Quartz.framework; sourceTree = SDKROOT; };
		C311DF3C25C473B700484639 /* QuickLookThumbnailing.framework */ = {isa = PBXFileReference; lastKnownFileType = wrapper.framework; name = QuickLookThumbnailing.framework; path = System/Library/Frameworks/QuickLookThumbnailing.framework; sourceTree = SDKROOT; };
		C31AF2F5271651C4007B7120 /* CoreServices.framework */ = {isa = PBXFileReference; lastKnownFileType = wrapper.framework; name = CoreServices.framework; path = System/Library/Frameworks/CoreServices.framework; sourceTree = SDKROOT; };
		C31AF2F7271651E3007B7120 /* CoreFoundation.framework */ = {isa = PBXFileReference; lastKnownFileType = wrapper.framework; name = CoreFoundation.framework; path = System/Library/Frameworks/CoreFoundation.framework; sourceTree = SDKROOT; };
		C31AF2F9271652A0007B7120 /* CoreSpotlight.framework */ = {isa = PBXFileReference; lastKnownFileType = wrapper.framework; name = CoreSpotlight.framework; path = System/Library/Frameworks/CoreSpotlight.framework; sourceTree = SDKROOT; };
		C321419326CEA6D600B49504 /* czech.z5 */ = {isa = PBXFileReference; lastKnownFileType = file; path = czech.z5; sourceTree = "<group>"; };
		C321419526CEA75A00B49504 /* praxix.z5 */ = {isa = PBXFileReference; lastKnownFileType = file; path = praxix.z5; sourceTree = "<group>"; };
		C321419726CEA7B100B49504 /* etude.z5 */ = {isa = PBXFileReference; lastKnownFileType = file; path = etude.z5; sourceTree = "<group>"; };
		C321419926CEBAA000B49504 /* Transcript of CZECH.rtf */ = {isa = PBXFileReference; fileEncoding = 4; lastKnownFileType = text.rtf; path = "Transcript of CZECH.rtf"; sourceTree = "<group>"; };
		C321419B26CEC55B00B49504 /* Transcript of Praxix.rtf */ = {isa = PBXFileReference; fileEncoding = 4; lastKnownFileType = text.rtf; path = "Transcript of Praxix.rtf"; sourceTree = "<group>"; };
		C321419D26CECD9000B49504 /* Transcript of TerpEtude.rtf */ = {isa = PBXFileReference; fileEncoding = 4; lastKnownFileType = text.rtf; path = "Transcript of TerpEtude.rtf"; sourceTree = "<group>"; };
		C321419E26CECD9000B49504 /* TerpEtude command script.txt */ = {isa = PBXFileReference; fileEncoding = 4; lastKnownFileType = text; path = "TerpEtude command script.txt"; sourceTree = "<group>"; };
		C326B13C26C18280006C398F /* The Sound of One Hand Clapping command script.txt */ = {isa = PBXFileReference; fileEncoding = 4; lastKnownFileType = text; path = "The Sound of One Hand Clapping command script.txt"; sourceTree = "<group>"; };
		C326B13E26C182BF006C398F /* onehand.dat */ = {isa = PBXFileReference; lastKnownFileType = file; path = onehand.dat; sourceTree = "<group>"; };
		C326B14026C182ED006C398F /* Transcript of The Sound of One Hand Clapping.txt */ = {isa = PBXFileReference; fileEncoding = 4; lastKnownFileType = text; path = "Transcript of The Sound of One Hand Clapping.txt"; sourceTree = "<group>"; };
		C334C47A269C708700B00A2F /* Constants.h */ = {isa = PBXFileReference; fileEncoding = 4; lastKnownFileType = sourcecode.c.h; path = Constants.h; sourceTree = "<group>"; };
		C353EFAD26263D85006D17E3 /* SubImage.m */ = {isa = PBXFileReference; lastKnownFileType = sourcecode.c.objc; path = SubImage.m; sourceTree = "<group>"; };
		C353EFE126263DD7006D17E3 /* SubImage.h */ = {isa = PBXFileReference; lastKnownFileType = sourcecode.c.h; path = SubImage.h; sourceTree = "<group>"; };
		C354AA67274CD8D900C8D01D /* adv01.dat */ = {isa = PBXFileReference; fileEncoding = 4; lastKnownFileType = text; path = adv01.dat; sourceTree = "<group>"; };
		C354AA69274CD8EF00C8D01D /* ScottFree command script.txt */ = {isa = PBXFileReference; fileEncoding = 4; lastKnownFileType = text; path = "ScottFree command script.txt"; sourceTree = "<group>"; };
		C354AA6B274D05D800C8D01D /* Transcript of Unholy Grail.txt */ = {isa = PBXFileReference; fileEncoding = 4; lastKnownFileType = text; path = "Transcript of Unholy Grail.txt"; sourceTree = "<group>"; };
		C354AA6C274D05D800C8D01D /* Unholy Grail command script.txt */ = {isa = PBXFileReference; fileEncoding = 4; lastKnownFileType = text; path = "Unholy Grail command script.txt"; sourceTree = "<group>"; };
		C354AA6D274D05D800C8D01D /* grail.j2 */ = {isa = PBXFileReference; fileEncoding = 4; lastKnownFileType = text; path = grail.j2; sourceTree = "<group>"; };
		C354AA71274D095400C8D01D /* bugged.dat */ = {isa = PBXFileReference; fileEncoding = 4; lastKnownFileType = text; path = bugged.dat; sourceTree = "<group>"; };
		C354AA73274D096500C8D01D /* grail.blorb */ = {isa = PBXFileReference; lastKnownFileType = file; path = grail.blorb; sourceTree = "<group>"; };
		C37391BC27A128E4009147EF /* Transcript of adv01.txt */ = {isa = PBXFileReference; fileEncoding = 4; lastKnownFileType = text; path = "Transcript of adv01.txt"; sourceTree = "<group>"; };
		C376239726ADE2A6003FA055 /* Spatterlight 10.xcdatamodel */ = {isa = PBXFileReference; lastKnownFileType = wrapper.xcdatamodel; path = "Spatterlight 10.xcdatamodel"; sourceTree = "<group>"; };
		C37E676126E992440005873E /* AudioToolbox.framework */ = {isa = PBXFileReference; lastKnownFileType = wrapper.framework; name = AudioToolbox.framework; path = System/Library/Frameworks/AudioToolbox.framework; sourceTree = SDKROOT; };
		C37E676326E992590005873E /* AudioUnit.framework */ = {isa = PBXFileReference; lastKnownFileType = wrapper.framework; name = AudioUnit.framework; path = System/Library/Frameworks/AudioUnit.framework; sourceTree = SDKROOT; };
		C38101291EDA297E00B87B68 /* GlkController.m */ = {isa = PBXFileReference; fileEncoding = 4; lastKnownFileType = sourcecode.c.objc; path = GlkController.m; sourceTree = "<group>"; };
		C3853E7029679175002D4A27 /* SplitView.storyboard */ = {isa = PBXFileReference; lastKnownFileType = file.storyboard; path = SplitView.storyboard; sourceTree = "<group>"; };
		C38AF8A52AD0229C001F583B /* glk_dummy_defs.h */ = {isa = PBXFileReference; lastKnownFileType = sourcecode.c.h; path = glk_dummy_defs.h; sourceTree = SOURCE_ROOT; };
		C38BE432263AEAA60091B17A /* ParagraphPopOver.xib */ = {isa = PBXFileReference; lastKnownFileType = file.xib; path = ParagraphPopOver.xib; sourceTree = "<group>"; };
		C38C226025CC7EB3004C4D68 /* QuickLook.framework */ = {isa = PBXFileReference; lastKnownFileType = wrapper.framework; name = QuickLook.framework; path = System/Library/Frameworks/QuickLook.framework; sourceTree = SDKROOT; };
		C399292E25C99F2C0069E73A /* Spatterlight.entitlements */ = {isa = PBXFileReference; lastKnownFileType = text.plist.entitlements; path = Spatterlight.entitlements; sourceTree = "<group>"; };
		C3998E2126C97A4E002C1E5D /* AGT-03201-0000E16C.agx */ = {isa = PBXFileReference; lastKnownFileType = file; path = "AGT-03201-0000E16C.agx"; sourceTree = "<group>"; };
		C3998E2226C97A5B002C1E5D /* AGT-03201-0000E16C.ico */ = {isa = PBXFileReference; lastKnownFileType = image.ico; path = "AGT-03201-0000E16C.ico"; sourceTree = "<group>"; };
		C3998E2426C97A87002C1E5D /* Shades of Gray command script.txt */ = {isa = PBXFileReference; fileEncoding = 4; lastKnownFileType = text; path = "Shades of Gray command script.txt"; sourceTree = "<group>"; };
		C3998E2626C97AD3002C1E5D /* guilty.hex */ = {isa = PBXFileReference; lastKnownFileType = file; path = guilty.hex; sourceTree = "<group>"; };
		C3998E2726C97AD4002C1E5D /* GBDATA */ = {isa = PBXFileReference; lastKnownFileType = file; path = GBDATA; sourceTree = "<group>"; };
		C3998E2926C97B15002C1E5D /* Guilty Bastards command script.txt */ = {isa = PBXFileReference; fileEncoding = 4; lastKnownFileType = text; path = "Guilty Bastards command script.txt"; sourceTree = "<group>"; };
		C3998E2B26C9835A002C1E5D /* Q.L9 */ = {isa = PBXFileReference; lastKnownFileType = file; path = Q.L9; sourceTree = "<group>"; };
		C3998E2C26C9835B002C1E5D /* Q.CGA */ = {isa = PBXFileReference; lastKnownFileType = file; path = Q.CGA; sourceTree = "<group>"; };
		C3998E2D26C9836E002C1E5D /* Level 9 command script.txt */ = {isa = PBXFileReference; fileEncoding = 4; lastKnownFileType = text; path = "Level 9 command script.txt"; sourceTree = "<group>"; };
		C3998E2F26C9839F002C1E5D /* Magnetic command script.txt */ = {isa = PBXFileReference; fileEncoding = 4; lastKnownFileType = text; path = "Magnetic command script.txt"; sourceTree = "<group>"; };
		C3998E3126C983FD002C1E5D /* mag.mag */ = {isa = PBXFileReference; lastKnownFileType = file; path = mag.mag; sourceTree = "<group>"; };
		C3998E3226C983FD002C1E5D /* mag.gfx */ = {isa = PBXFileReference; lastKnownFileType = file; path = mag.gfx; sourceTree = "<group>"; };
		C3998E3326C9844C002C1E5D /* Hamper.taf */ = {isa = PBXFileReference; lastKnownFileType = file; path = Hamper.taf; sourceTree = "<group>"; };
		C3998E3426C9845A002C1E5D /* To Hell in a Hamper command script.txt */ = {isa = PBXFileReference; fileEncoding = 4; lastKnownFileType = text; path = "To Hell in a Hamper command script.txt"; sourceTree = "<group>"; };
		C3998E3626C98489002C1E5D /* bugged.acd */ = {isa = PBXFileReference; lastKnownFileType = file; path = bugged.acd; sourceTree = "<group>"; };
		C3998E3726C984C2002C1E5D /* Bugged command script.txt */ = {isa = PBXFileReference; fileEncoding = 4; lastKnownFileType = text; path = "Bugged command script.txt"; sourceTree = "<group>"; };
		C3998E3B26C9A680002C1E5D /* 00 Wyldkynd Project.a3c */ = {isa = PBXFileReference; lastKnownFileType = file; path = "00 Wyldkynd Project.a3c"; sourceTree = "<group>"; };
		C39D4A21270BABE100517633 /* Spatterlight 11.xcdatamodel */ = {isa = PBXFileReference; lastKnownFileType = wrapper.xcdatamodel; path = "Spatterlight 11.xcdatamodel"; sourceTree = "<group>"; };
		C39D803826BDEE8200500E1C /* Transparent.gblorb */ = {isa = PBXFileReference; lastKnownFileType = file; path = Transparent.gblorb; sourceTree = "<group>"; };
		C39D803A26BDF7C300500E1C /* Transparent command script.txt */ = {isa = PBXFileReference; fileEncoding = 4; lastKnownFileType = text; path = "Transparent command script.txt"; sourceTree = "<group>"; };
		C39D803C26BDFA3F00500E1C /* Transcript of Transparent.txt */ = {isa = PBXFileReference; fileEncoding = 4; lastKnownFileType = text; path = "Transcript of Transparent.txt"; sourceTree = "<group>"; };
		C3A1997F2999D91B00D27500 /* tot.tay */ = {isa = PBXFileReference; lastKnownFileType = file; path = tot.tay; sourceTree = "<group>"; };
		C3A199802999D94000D27500 /* TaylorMade command script.txt */ = {isa = PBXFileReference; lastKnownFileType = text; path = "TaylorMade command script.txt"; sourceTree = "<group>"; };
		C3A199832999DB5600D27500 /* Transcript of tot.txt */ = {isa = PBXFileReference; fileEncoding = 4; lastKnownFileType = text; path = "Transcript of tot.txt"; sourceTree = "<group>"; };
		C3A199852999E47800D27500 /* SPL13P.plus */ = {isa = PBXFileReference; fileEncoding = 4; lastKnownFileType = text; path = SPL13P.plus; sourceTree = "<group>"; };
		C3A199872999E4C500D27500 /* Plus command script.txt */ = {isa = PBXFileReference; fileEncoding = 4; lastKnownFileType = text; path = "Plus command script.txt"; sourceTree = "<group>"; };
		C3A199892999E63A00D27500 /* Transcript of SPL13P.txt */ = {isa = PBXFileReference; fileEncoding = 4; lastKnownFileType = text; path = "Transcript of SPL13P.txt"; sourceTree = "<group>"; };
		C3A207982727B1BE00BAAA24 /* Security.framework */ = {isa = PBXFileReference; lastKnownFileType = wrapper.framework; name = Security.framework; path = System/Library/Frameworks/Security.framework; sourceTree = SDKROOT; };
		C3AD642326176737008614C5 /* BufferTextView.h */ = {isa = PBXFileReference; lastKnownFileType = sourcecode.c.h; path = BufferTextView.h; sourceTree = "<group>"; };
		C3AD642426176737008614C5 /* BufferTextView.m */ = {isa = PBXFileReference; lastKnownFileType = sourcecode.c.objc; path = BufferTextView.m; sourceTree = "<group>"; };
		C3AD64DC26176DC5008614C5 /* GridTextView.h */ = {isa = PBXFileReference; lastKnownFileType = sourcecode.c.h; path = GridTextView.h; sourceTree = "<group>"; };
		C3AD64DD26176DC5008614C5 /* GridTextView.m */ = {isa = PBXFileReference; lastKnownFileType = sourcecode.c.objc; path = GridTextView.m; sourceTree = "<group>"; };
		C3BD71E32630E3350061E55C /* Spatterlight 7.xcdatamodel */ = {isa = PBXFileReference; lastKnownFileType = wrapper.xcdatamodel; path = "Spatterlight 7.xcdatamodel"; sourceTree = "<group>"; };
		C3C4D295264C6F7A0042C616 /* Spatterlight 8.xcdatamodel */ = {isa = PBXFileReference; lastKnownFileType = wrapper.xcdatamodel; path = "Spatterlight 8.xcdatamodel"; sourceTree = "<group>"; };
		C3C5926726A8185700DFB49B /* autosavetest.gblorb */ = {isa = PBXFileReference; lastKnownFileType = file; path = autosavetest.gblorb; sourceTree = "<group>"; };
		C3CB504D26627B1A00A95BE2 /* Spatterlight 9.xcdatamodel */ = {isa = PBXFileReference; lastKnownFileType = wrapper.xcdatamodel; path = "Spatterlight 9.xcdatamodel"; sourceTree = "<group>"; };
		C3CC7FF726C00ACA009B0B25 /* Elysium.t3 */ = {isa = PBXFileReference; lastKnownFileType = file; path = Elysium.t3; sourceTree = "<group>"; };
		C3CC7FF826C01F33009B0B25 /* The Elysium Enigma command script.txt */ = {isa = PBXFileReference; fileEncoding = 4; lastKnownFileType = text; path = "The Elysium Enigma command script.txt"; sourceTree = "<group>"; };
		C3CC7FFB26C02784009B0B25 /* Transcript of The Elysium Enigma.txt */ = {isa = PBXFileReference; fileEncoding = 4; lastKnownFileType = text; path = "Transcript of The Elysium Enigma.txt"; sourceTree = "<group>"; };
		C3CDF24925A3C26000FA3451 /* Spatterlight 5.xcdatamodel */ = {isa = PBXFileReference; lastKnownFileType = wrapper.xcdatamodel; path = "Spatterlight 5.xcdatamodel"; sourceTree = "<group>"; };
		C3CEC2B826A6D0A200120469 /* UITests.m */ = {isa = PBXFileReference; lastKnownFileType = sourcecode.c.objc; path = UITests.m; sourceTree = "<group>"; };
		C3CEC2BA26A6D0A200120469 /* Info.plist */ = {isa = PBXFileReference; lastKnownFileType = text.plist.xml; path = Info.plist; sourceTree = "<group>"; };
		C3CEC2C126A6D1F900120469 /* freefall.z5 */ = {isa = PBXFileReference; lastKnownFileType = file; path = freefall.z5; sourceTree = "<group>"; };
		C3CEC2C226A6D1F900120469 /* curses.z5 */ = {isa = PBXFileReference; lastKnownFileType = file; path = curses.z5; sourceTree = "<group>"; };
		C3CEC2C326A6D1F900120469 /* test_stories.iFiction */ = {isa = PBXFileReference; fileEncoding = 4; lastKnownFileType = text.xml; path = test_stories.iFiction; sourceTree = "<group>"; };
		C3CEC2CD26A6D66800120469 /* Tests.m */ = {isa = PBXFileReference; lastKnownFileType = sourcecode.c.objc; path = Tests.m; sourceTree = "<group>"; };
		C3CEC2CF26A6D66800120469 /* Info.plist */ = {isa = PBXFileReference; lastKnownFileType = text.plist.xml; path = Info.plist; sourceTree = "<group>"; };
		C3D7CB1526CA7056006DE4CC /* The Wyldkynd Project command script.txt */ = {isa = PBXFileReference; fileEncoding = 4; lastKnownFileType = text; path = "The Wyldkynd Project command script.txt"; sourceTree = "<group>"; };
		C3D7CB1726CA83BD006DE4CC /* Transcript of The Wyldkynd Project.txt */ = {isa = PBXFileReference; fileEncoding = 4; lastKnownFileType = text; path = "Transcript of The Wyldkynd Project.txt"; sourceTree = "<group>"; };
		C3D7CB1A26CA8D09006DE4CC /* Transcript of Shades of Gray.txt */ = {isa = PBXFileReference; fileEncoding = 4; lastKnownFileType = text; path = "Transcript of Shades of Gray.txt"; sourceTree = "<group>"; };
		C3D7CB1D26CA9049006DE4CC /* Transcript of Bugged.txt */ = {isa = PBXFileReference; fileEncoding = 4; lastKnownFileType = text; path = "Transcript of Bugged.txt"; sourceTree = "<group>"; };
		C3D7CB1F26CA9A7F006DE4CC /* Transcript of Guilty Bastards.txt */ = {isa = PBXFileReference; fileEncoding = 4; lastKnownFileType = text; path = "Transcript of Guilty Bastards.txt"; sourceTree = "<group>"; };
		C3D7CB2826CA9F00006DE4CC /* Transcript of Level 9.txt */ = {isa = PBXFileReference; fileEncoding = 4; lastKnownFileType = text; path = "Transcript of Level 9.txt"; sourceTree = "<group>"; };
		C3D7CB2A26CAA2F7006DE4CC /* Transcript of Magnetic.txt */ = {isa = PBXFileReference; fileEncoding = 4; lastKnownFileType = text; path = "Transcript of Magnetic.txt"; sourceTree = "<group>"; };
		C3D7CB2C26CAA781006DE4CC /* Transcript of To Hell in a Hamper.txt */ = {isa = PBXFileReference; fileEncoding = 4; lastKnownFileType = text; path = "Transcript of To Hell in a Hamper.txt"; sourceTree = "<group>"; };
		C3D8817C29A1BAE50085C383 /* Transcript of Praxix old.rtf */ = {isa = PBXFileReference; fileEncoding = 4; lastKnownFileType = text.rtf; path = "Transcript of Praxix old.rtf"; sourceTree = "<group>"; };
		C3D8817E29A1BAE50085C383 /* Transcript of TerpEtude old.rtf */ = {isa = PBXFileReference; fileEncoding = 4; lastKnownFileType = text.rtf; path = "Transcript of TerpEtude old.rtf"; sourceTree = "<group>"; };
		C3EAD77E26D4539500AF31AF /* tildeath.gam */ = {isa = PBXFileReference; lastKnownFileType = file; path = tildeath.gam; sourceTree = "<group>"; };
		C3EAD78026D453B400AF31AF /* Till Death Makes a Monk-Fish out of Me command script.txt */ = {isa = PBXFileReference; fileEncoding = 4; lastKnownFileType = text; path = "Till Death Makes a Monk-Fish out of Me command script.txt"; sourceTree = "<group>"; };
		C3EAD78226D453EE00AF31AF /* Transcript of Till Death Makes a Monk-Fish out of Me.txt */ = {isa = PBXFileReference; fileEncoding = 4; lastKnownFileType = text; path = "Transcript of Till Death Makes a Monk-Fish out of Me.txt"; sourceTree = "<group>"; };
		C3EE1A6127CACFE30008D790 /* Spatterlight 12.xcdatamodel */ = {isa = PBXFileReference; lastKnownFileType = wrapper.xcdatamodel; path = "Spatterlight 12.xcdatamodel"; sourceTree = "<group>"; };
		C3EEF5BF25F2D8F000FA19CE /* Quicklook.xcassets */ = {isa = PBXFileReference; lastKnownFileType = folder.assetcatalog; path = Quicklook.xcassets; sourceTree = "<group>"; };
		C3F709152756127B00CAD227 /* DownloadButton.xib */ = {isa = PBXFileReference; fileEncoding = 4; lastKnownFileType = file.xib; path = DownloadButton.xib; sourceTree = "<group>"; };
/* End PBXFileReference section */

/* Begin PBXFrameworksBuildPhase section */
		961CCEC209F239C100528FF9 /* Frameworks */ = {
			isa = PBXFrameworksBuildPhase;
			buildActionMask = 2147483647;
			files = (
				C3A2079A2727B1BE00BAAA24 /* Security.framework in Frameworks */,
				559BE460270F7BD800B93F2C /* Cocoa.framework in Frameworks */,
				C31AF2F427165168007B7120 /* CoreData.framework in Frameworks */,
				6D76780022B17AB200C80DDE /* QuartzCore.framework in Frameworks */,
				C37E676226E992440005873E /* AudioToolbox.framework in Frameworks */,
				C31AF2FA271652A0007B7120 /* CoreSpotlight.framework in Frameworks */,
				C37E676426E992590005873E /* AudioUnit.framework in Frameworks */,
			);
			runOnlyForDeploymentPostprocessing = 0;
		};
/* End PBXFrameworksBuildPhase section */

/* Begin PBXGroup section */
		6D79B0DB223262CA008C9CB7 /* Other Frameworks */ = {
			isa = PBXGroup;
			children = (
				6D79B0DC223262CA008C9CB7 /* AppKit.framework */,
				6D79B0DD223262CA008C9CB7 /* CoreData.framework */,
				6D79B0DE223262CA008C9CB7 /* Foundation.framework */,
			);
			name = "Other Frameworks";
			sourceTree = "<group>";
		};
		961CCE5E09F2375A00528FF9 = {
			isa = PBXGroup;
			children = (
				C399292E25C99F2C0069E73A /* Spatterlight.entitlements */,
				961CCECA09F239E700528FF9 /* application */,
				961CCF2109F2940F00528FF9 /* resources */,
				961CCF6509F295CA00528FF9 /* Frameworks */,
				961CCE7C09F237E700528FF9 /* Products */,
				C3CEC2CC26A6D66800120469 /* Tests */,
				C3CEC2B726A6D0A200120469 /* UITests */,
			);
			sourceTree = "<group>";
			usesTabs = 0;
		};
		961CCE7C09F237E700528FF9 /* Products */ = {
			isa = PBXGroup;
			children = (
				961CCEC409F239C100528FF9 /* Spatterlight.app */,
			);
			name = Products;
			sourceTree = "<group>";
		};
		961CCECA09F239E700528FF9 /* application */ = {
			isa = PBXGroup;
			children = (
				C38AF8A52AD0229C001F583B /* glk_dummy_defs.h */,
				C334C47A269C708700B00A2F /* Constants.h */,
				961CCEDF09F239E700528FF9 /* main.h */,
				961CCEE009F239E700528FF9 /* main.m */,
				961CCEDD09F239E700528FF9 /* AppDelegate.h */,
				961CCEDE09F239E700528FF9 /* AppDelegate.m */,
				96A9BB7A0A0662FA001B5B9B /* GlkController.h */,
				C38101291EDA297E00B87B68 /* GlkController.m */,
				961CCEE909F239E700528FF9 /* GlkWindow.h */,
				961CCEEA09F239E700528FF9 /* GlkWindow.m */,
				C3AD64DB26176D9F008614C5 /* GlkTextGridWindow */,
				C3AD639F2617642F008614C5 /* GlkTextBufferWindow */,
				C353F0AB26264615006D17E3 /* GlkGraphicsWindow */,
			);
			path = application;
			sourceTree = "<group>";
		};
		961CCF2109F2940F00528FF9 /* resources */ = {
			isa = PBXGroup;
			children = (
				C301D30C25D35E9300DC4A2B /* Media.xcassets */,
				C3EEF5BF25F2D8F000FA19CE /* Quicklook.xcassets */,
				6DCDD44B23104AC4006715DD /* fonts */,
				961CCF2809F2940F00528FF9 /* docs */,
				961CCF2309F2940F00528FF9 /* Credits.rtf */,
				9650319509F29D3E0083E64E /* Info.plist */,
				96A80EFC09F5821400CC75F4 /* InfoPlist.strings */,
				966EFA7709F635D400FA7F19 /* Defaults.plist */,
				961CCF2409F2940F00528FF9 /* IconApp.icns */,
				961CCF2509F2940F00528FF9 /* IconGame.icns */,
				96B6FE6E0A0E4E0200E62E4D /* Question.png */,
				961CCF2C09F2940F00528FF9 /* MainMenu.xib */,
				961CCF2D09F2940F00528FF9 /* PrefsWindow.xib */,
				C38BE432263AEAA60091B17A /* ParagraphPopOver.xib */,
				96A9BBA30A0668EB001B5B9B /* GameWindow.xib */,
				C3853E7029679175002D4A27 /* SplitView.storyboard */,
				96FBD8EF0A094E2F002F6087 /* InfoPanel.xib */,
				6D85C896218BD6E00088D849 /* HelpPanelController.xib */,
				C3F709152756127B00CAD227 /* DownloadButton.xib */,
				6DCDF488244CD97100EB5D3B /* Spatterlight.xcdatamodeld */,
			);
			path = resources;
			sourceTree = "<group>";
		};
		961CCF2809F2940F00528FF9 /* docs */ = {
			isa = PBXGroup;
			children = (
				6DCFFC2022BCD1730035FA99 /* Fonts License.rtf */,
				6D70DA7C218B3EFC0022E13B /* Alan License.rtf */,
				6D70DA7E218B3EFC0022E13B /* Glulxe License.rtf */,
				961CCF2909F2940F00528FF9 /* GNU Public License.rtf */,
				961CCF2A09F2940F00528FF9 /* Hugo License.rtf */,
				961CCF2B09F2940F00528FF9 /* SDL License.rtf */,
			);
			path = docs;
			sourceTree = "<group>";
		};
		961CCF6509F295CA00528FF9 /* Frameworks */ = {
			isa = PBXGroup;
			children = (
				C3A207982727B1BE00BAAA24 /* Security.framework */,
				C31AF2F9271652A0007B7120 /* CoreSpotlight.framework */,
				C31AF2F7271651E3007B7120 /* CoreFoundation.framework */,
				C31AF2F5271651C4007B7120 /* CoreServices.framework */,
				C37E676326E992590005873E /* AudioUnit.framework */,
				C37E676126E992440005873E /* AudioToolbox.framework */,
				C38C226025CC7EB3004C4D68 /* QuickLook.framework */,
				6D79B0D9223262CA008C9CB7 /* Cocoa.framework */,
				6D7677FE22B1430700C80DDE /* QuartzCore.framework */,
				C311DEF625C472E500484639 /* Quartz.framework */,
				C311DF3C25C473B700484639 /* QuickLookThumbnailing.framework */,
				6D79B0DB223262CA008C9CB7 /* Other Frameworks */,
			);
			name = Frameworks;
			sourceTree = "<group>";
		};
		C353F0AB26264615006D17E3 /* GlkGraphicsWindow */ = {
			isa = PBXGroup;
			children = (
				961CCEDB09F239E700528FF9 /* GlkGraphicsWindow.h */,
				961CCEDC09F239E700528FF9 /* GlkGraphicsWindow.m */,
				C353EFE126263DD7006D17E3 /* SubImage.h */,
				C353EFAD26263D85006D17E3 /* SubImage.m */,
			);
			path = GlkGraphicsWindow;
			sourceTree = "<group>";
		};
		C374D19726EE4B4F006F430E /* Products */ = {
			isa = PBXGroup;
			name = Products;
			sourceTree = "<group>";
		};
		C3AD639F2617642F008614C5 /* GlkTextBufferWindow */ = {
			isa = PBXGroup;
			children = (
				C3AD642326176737008614C5 /* BufferTextView.h */,
				C3AD642426176737008614C5 /* BufferTextView.m */,
				961CCEE509F239E700528FF9 /* GlkTextBufferWindow.h */,
				961CCEE609F239E700528FF9 /* GlkTextBufferWindow.m */,
			);
			path = GlkTextBufferWindow;
			sourceTree = "<group>";
		};
		C3AD64DB26176D9F008614C5 /* GlkTextGridWindow */ = {
			isa = PBXGroup;
			children = (
				C3AD64DC26176DC5008614C5 /* GridTextView.h */,
				C3AD64DD26176DC5008614C5 /* GridTextView.m */,
				961CCEE709F239E700528FF9 /* GlkTextGridWindow.h */,
				961CCEE809F239E700528FF9 /* GlkTextGridWindow.m */,
			);
			path = GlkTextGridWindow;
			sourceTree = "<group>";
		};
		C3CEC2B726A6D0A200120469 /* UITests */ = {
			isa = PBXGroup;
			children = (
				C3CEC2B826A6D0A200120469 /* UITests.m */,
				C3CEC2C026A6D17B00120469 /* Supporting Files */,
				C3CEC2BA26A6D0A200120469 /* Info.plist */,
			);
			path = UITests;
			sourceTree = "<group>";
		};
		C3CEC2C026A6D17B00120469 /* Supporting Files */ = {
			isa = PBXGroup;
			children = (
				C3998E2126C97A4E002C1E5D /* AGT-03201-0000E16C.agx */,
				C3998E2226C97A5B002C1E5D /* AGT-03201-0000E16C.ico */,
				C3998E2426C97A87002C1E5D /* Shades of Gray command script.txt */,
				C3D7CB1A26CA8D09006DE4CC /* Transcript of Shades of Gray.txt */,
				C354AA71274D095400C8D01D /* bugged.dat */,
				C3998E3626C98489002C1E5D /* bugged.acd */,
				C3998E3726C984C2002C1E5D /* Bugged command script.txt */,
				C3D7CB1D26CA9049006DE4CC /* Transcript of Bugged.txt */,
				C3998E2726C97AD4002C1E5D /* GBDATA */,
				C3998E2626C97AD3002C1E5D /* guilty.hex */,
				C3998E2926C97B15002C1E5D /* Guilty Bastards command script.txt */,
				C3D7CB1F26CA9A7F006DE4CC /* Transcript of Guilty Bastards.txt */,
				C3998E2D26C9836E002C1E5D /* Level 9 command script.txt */,
				C3D7CB2826CA9F00006DE4CC /* Transcript of Level 9.txt */,
				C3998E2C26C9835B002C1E5D /* Q.CGA */,
				C3998E2B26C9835A002C1E5D /* Q.L9 */,
				C3998E3226C983FD002C1E5D /* mag.gfx */,
				C3998E3126C983FD002C1E5D /* mag.mag */,
				C3998E2F26C9839F002C1E5D /* Magnetic command script.txt */,
				C3D7CB2A26CAA2F7006DE4CC /* Transcript of Magnetic.txt */,
				C3998E3326C9844C002C1E5D /* Hamper.taf */,
				C3998E3426C9845A002C1E5D /* To Hell in a Hamper command script.txt */,
				C3D7CB2C26CAA781006DE4CC /* Transcript of To Hell in a Hamper.txt */,
				C3EAD77E26D4539500AF31AF /* tildeath.gam */,
				C3EAD78026D453B400AF31AF /* Till Death Makes a Monk-Fish out of Me command script.txt */,
				C3EAD78226D453EE00AF31AF /* Transcript of Till Death Makes a Monk-Fish out of Me.txt */,
				C3A1997F2999D91B00D27500 /* tot.tay */,
				C3A199802999D94000D27500 /* TaylorMade command script.txt */,
				C3A199832999DB5600D27500 /* Transcript of tot.txt */,
				C39D803826BDEE8200500E1C /* Transparent.gblorb */,
				C39D803A26BDF7C300500E1C /* Transparent command script.txt */,
				C39D803C26BDFA3F00500E1C /* Transcript of Transparent.txt */,
				C3CC7FF726C00ACA009B0B25 /* Elysium.t3 */,
				C3CC7FF826C01F33009B0B25 /* The Elysium Enigma command script.txt */,
				C3CC7FFB26C02784009B0B25 /* Transcript of The Elysium Enigma.txt */,
				C326B13E26C182BF006C398F /* onehand.dat */,
				C326B13C26C18280006C398F /* The Sound of One Hand Clapping command script.txt */,
				C326B14026C182ED006C398F /* Transcript of The Sound of One Hand Clapping.txt */,
				C3998E3B26C9A680002C1E5D /* 00 Wyldkynd Project.a3c */,
				C3D7CB1526CA7056006DE4CC /* The Wyldkynd Project command script.txt */,
				C3D7CB1726CA83BD006DE4CC /* Transcript of The Wyldkynd Project.txt */,
				C30451BF26A971DD006E3D51 /* imagetest.gblorb */,
				C3C5926726A8185700DFB49B /* autosavetest.gblorb */,
				C3CEC2C226A6D1F900120469 /* curses.z5 */,
				C3CEC2C126A6D1F900120469 /* freefall.z5 */,
				C3CEC2C326A6D1F900120469 /* test_stories.iFiction */,
				C30451C126A9A8A5006E3D51 /* Transcript of autosavetest.txt */,
				C321419326CEA6D600B49504 /* czech.z5 */,
				C321419926CEBAA000B49504 /* Transcript of CZECH.rtf */,
				C321419526CEA75A00B49504 /* praxix.z5 */,
				C321419B26CEC55B00B49504 /* Transcript of Praxix.rtf */,
				C3D8817C29A1BAE50085C383 /* Transcript of Praxix old.rtf */,
				C321419726CEA7B100B49504 /* etude.z5 */,
				C321419E26CECD9000B49504 /* TerpEtude command script.txt */,
				C321419D26CECD9000B49504 /* Transcript of TerpEtude.rtf */,
				C3D8817E29A1BAE50085C383 /* Transcript of TerpEtude old.rtf */,
				C354AA67274CD8D900C8D01D /* adv01.dat */,
				C37391BC27A128E4009147EF /* Transcript of adv01.txt */,
				C354AA69274CD8EF00C8D01D /* ScottFree command script.txt */,
				C354AA73274D096500C8D01D /* grail.blorb */,
				C354AA6D274D05D800C8D01D /* grail.j2 */,
				C354AA6B274D05D800C8D01D /* Transcript of Unholy Grail.txt */,
				C354AA6C274D05D800C8D01D /* Unholy Grail command script.txt */,
				C3A199852999E47800D27500 /* SPL13P.plus */,
				C3A199872999E4C500D27500 /* Plus command script.txt */,
				C3A199892999E63A00D27500 /* Transcript of SPL13P.txt */,
			);
			path = "Supporting Files";
			sourceTree = "<group>";
		};
		C3CEC2CC26A6D66800120469 /* Tests */ = {
			isa = PBXGroup;
			children = (
				C3CEC2CD26A6D66800120469 /* Tests.m */,
				C3CEC2CF26A6D66800120469 /* Info.plist */,
			);
			path = Tests;
			sourceTree = "<group>";
		};
/* End PBXGroup section */

/* Begin PBXNativeTarget section */
		961CCEC309F239C100528FF9 /* Spatterlight */ = {
			isa = PBXNativeTarget;
			buildConfigurationList = 961CCEC709F239C100528FF9 /* Build configuration list for PBXNativeTarget "Spatterlight" */;
			buildPhases = (
				961CCEC009F239C100528FF9 /* Resources */,
				967E3F610A0FFA5C00F1A1A3 /* Copy Documentation Files */,
				961CCEC109F239C100528FF9 /* Sources */,
				961CCEC209F239C100528FF9 /* Frameworks */,
				9650315509F296CF0083E64E /* Copy Interpreter Files */,
				C344B2CE26E4DA87004B0A8F /* Embed Frameworks */,
				C311DED625C472C000484639 /* Embed App Extensions */,
			);
			buildRules = (
			);
			dependencies = (
			);
			name = Spatterlight;
			productName = Spatterlight;
			productReference = 961CCEC409F239C100528FF9 /* Spatterlight.app */;
			productType = "com.apple.product-type.application";
		};
/* End PBXNativeTarget section */

/* Begin PBXProject section */
		961CCE6009F2375A00528FF9 /* Project object */ = {
			isa = PBXProject;
			attributes = {
				LastUpgradeCheck = 1400;
			};
			buildConfigurationList = 961CCE6109F2375A00528FF9 /* Build configuration list for PBXProject "Spatterlight" */;
			compatibilityVersion = "Xcode 9.3";
			developmentRegion = en;
			hasScannedForEncodings = 0;
			knownRegions = (
				fr,
				ja,
				de,
				en,
				Base,
			);
			mainGroup = 961CCE5E09F2375A00528FF9;
			productRefGroup = 961CCE7C09F237E700528FF9 /* Products */;
			projectDirPath = "";
			projectReferences = (
				{
					ProductGroup = C374D19726EE4B4F006F430E /* Products */;
					ProjectRef = C311875225BD8F1E00739D7B /* ogg.xcodeproj */;
				},
			);
			projectRoot = "";
			targets = (
				961CCEC309F239C100528FF9 /* Spatterlight */,
			);
		};
/* End PBXProject section */

/* Begin PBXResourcesBuildPhase section */
		961CCEC009F239C100528FF9 /* Resources */ = {
			isa = PBXResourcesBuildPhase;
			buildActionMask = 2147483647;
			files = (
				6DCDD44C23104AC4006715DD /* fonts in Resources */,
				961CCF4009F2946F00528FF9 /* Credits.rtf in Resources */,
				96A80EFD09F5821400CC75F4 /* InfoPlist.strings in Resources */,
				C301D30D25D35E9300DC4A2B /* Media.xcassets in Resources */,
				966EFA7809F635D400FA7F19 /* Defaults.plist in Resources */,
				96B6FE6F0A0E4E0200E62E4D /* Question.png in Resources */,
				C3853E7129679175002D4A27 /* SplitView.storyboard in Resources */,
				C38BE433263AEAA60091B17A /* ParagraphPopOver.xib in Resources */,
				961CCF3D09F2946700528FF9 /* MainMenu.xib in Resources */,
				961CCF3E09F2946700528FF9 /* PrefsWindow.xib in Resources */,
				96A9BBA40A0668EB001B5B9B /* GameWindow.xib in Resources */,
				96FBD8F00A094E30002F6087 /* InfoPanel.xib in Resources */,
				C3F709162756127B00CAD227 /* DownloadButton.xib in Resources */,
				6D85C898218BD6E10088D849 /* HelpPanelController.xib in Resources */,
			);
			runOnlyForDeploymentPostprocessing = 0;
		};
/* End PBXResourcesBuildPhase section */

/* Begin PBXSourcesBuildPhase section */
		961CCEC109F239C100528FF9 /* Sources */ = {
			isa = PBXSourcesBuildPhase;
			buildActionMask = 2147483647;
			files = (
				961CCEF209F23A0000528FF9 /* main.m in Sources */,
				961CCEF109F23A0000528FF9 /* AppDelegate.m in Sources */,
				961CCEF709F23A0000528FF9 /* GlkWindow.m in Sources */,
				C381012A1EDA297E00B87B68 /* GlkController.m in Sources */,
				961CCEF509F23A0000528FF9 /* GlkTextBufferWindow.m in Sources */,
				C353F04626264242006D17E3 /* SubImage.m in Sources */,
				961CCEF609F23A0000528FF9 /* GlkTextGridWindow.m in Sources */,
				961CCEF009F23A0000528FF9 /* GlkGraphicsWindow.m in Sources */,
				C3AD64DE26176DC5008614C5 /* GridTextView.m in Sources */,
				C3AD642526176737008614C5 /* BufferTextView.m in Sources */,
				6DCDF48A244CD97100EB5D3B /* Spatterlight.xcdatamodeld in Sources */,
			);
			runOnlyForDeploymentPostprocessing = 0;
		};
/* End PBXSourcesBuildPhase section */

/* Begin XCBuildConfiguration section */
		961CCE6209F2375A00528FF9 /* Debug */ = {
			isa = XCBuildConfiguration;
			buildSettings = {
				ALWAYS_SEARCH_USER_PATHS = NO;
				APP_BUILD = 1.1;
				APP_VERSION = 1.1;
				CLANG_ANALYZER_GCD_PERFORMANCE = YES;
				CLANG_ANALYZER_LOCALIZABILITY_NONLOCALIZED = YES;
				CLANG_ANALYZER_OSOBJECT_C_STYLE_CAST = YES;
				CLANG_ANALYZER_SECURITY_FLOATLOOPCOUNTER = YES;
				CLANG_ANALYZER_SECURITY_INSECUREAPI_RAND = YES;
				CLANG_ANALYZER_SECURITY_INSECUREAPI_STRCPY = YES;
				CLANG_TIDY_BUGPRONE_REDUNDANT_BRANCH_CONDITION = YES;
				CLANG_TIDY_MISC_REDUNDANT_EXPRESSION = YES;
				CLANG_WARN_BLOCK_CAPTURE_AUTORELEASING = YES;
				CLANG_WARN_BOOL_CONVERSION = YES;
				CLANG_WARN_COMMA = YES;
				CLANG_WARN_CONSTANT_CONVERSION = YES;
				CLANG_WARN_DEPRECATED_OBJC_IMPLEMENTATIONS = YES;
				CLANG_WARN_EMPTY_BODY = YES;
				CLANG_WARN_ENUM_CONVERSION = YES;
				CLANG_WARN_INFINITE_RECURSION = YES;
				CLANG_WARN_INT_CONVERSION = YES;
				CLANG_WARN_NON_LITERAL_NULL_CONVERSION = YES;
				CLANG_WARN_OBJC_EXPLICIT_OWNERSHIP_TYPE = YES;
				CLANG_WARN_OBJC_IMPLICIT_RETAIN_SELF = YES;
				CLANG_WARN_OBJC_LITERAL_CONVERSION = YES;
				CLANG_WARN_QUOTED_INCLUDE_IN_FRAMEWORK_HEADER = YES;
				CLANG_WARN_RANGE_LOOP_ANALYSIS = YES;
				CLANG_WARN_STRICT_PROTOTYPES = YES;
				CLANG_WARN_SUSPICIOUS_MOVE = YES;
				CLANG_WARN_UNREACHABLE_CODE = YES;
				CLANG_WARN__DUPLICATE_METHOD_MATCH = YES;
				CODE_SIGN_IDENTITY = "Apple Development";
				CODE_SIGN_INJECT_BASE_ENTITLEMENTS = NO;
				CODE_SIGN_STYLE = Automatic;
				COPY_PHASE_STRIP = YES;
				DEAD_CODE_STRIPPING = YES;
				DEBUG_INFORMATION_FORMAT = "dwarf-with-dsym";
				DEVELOPMENT_TEAM = 6U7YY3724Y;
				ENABLE_APP_SANDBOX = YES;
				ENABLE_HARDENED_RUNTIME = YES;
				ENABLE_STRICT_OBJC_MSGSEND = YES;
				ENABLE_TESTABILITY = YES;
				GCC_CHAR_IS_UNSIGNED_CHAR = NO;
				GCC_NO_COMMON_BLOCKS = YES;
				GCC_OPTIMIZATION_LEVEL = 0;
				GCC_WARN_64_TO_32_BIT_CONVERSION = YES;
				GCC_WARN_ABOUT_RETURN_TYPE = YES;
				GCC_WARN_PEDANTIC = NO;
				GCC_WARN_UNDECLARED_SELECTOR = YES;
				GCC_WARN_UNINITIALIZED_AUTOS = NO;
				GCC_WARN_UNUSED_FUNCTION = YES;
				GCC_WARN_UNUSED_VARIABLE = YES;
				MACOSX_DEPLOYMENT_TARGET = 10.13;
				ONLY_ACTIVE_ARCH = YES;
				SDKROOT = macosx;
			};
			name = Debug;
		};
		961CCE6309F2375A00528FF9 /* Release */ = {
			isa = XCBuildConfiguration;
			buildSettings = {
				ALWAYS_SEARCH_USER_PATHS = NO;
				APP_BUILD = 1.1;
				APP_VERSION = 1.1;
				CLANG_ANALYZER_GCD_PERFORMANCE = YES;
				CLANG_ANALYZER_LOCALIZABILITY_NONLOCALIZED = YES;
				CLANG_ANALYZER_OSOBJECT_C_STYLE_CAST = YES;
				CLANG_ANALYZER_SECURITY_FLOATLOOPCOUNTER = YES;
				CLANG_ANALYZER_SECURITY_INSECUREAPI_RAND = YES;
				CLANG_ANALYZER_SECURITY_INSECUREAPI_STRCPY = YES;
				CLANG_TIDY_BUGPRONE_REDUNDANT_BRANCH_CONDITION = YES;
				CLANG_TIDY_MISC_REDUNDANT_EXPRESSION = YES;
				CLANG_WARN_BLOCK_CAPTURE_AUTORELEASING = YES;
				CLANG_WARN_BOOL_CONVERSION = YES;
				CLANG_WARN_COMMA = YES;
				CLANG_WARN_CONSTANT_CONVERSION = YES;
				CLANG_WARN_DEPRECATED_OBJC_IMPLEMENTATIONS = YES;
				CLANG_WARN_EMPTY_BODY = YES;
				CLANG_WARN_ENUM_CONVERSION = YES;
				CLANG_WARN_INFINITE_RECURSION = YES;
				CLANG_WARN_INT_CONVERSION = YES;
				CLANG_WARN_NON_LITERAL_NULL_CONVERSION = YES;
				CLANG_WARN_OBJC_EXPLICIT_OWNERSHIP_TYPE = YES;
				CLANG_WARN_OBJC_IMPLICIT_RETAIN_SELF = YES;
				CLANG_WARN_OBJC_LITERAL_CONVERSION = YES;
				CLANG_WARN_QUOTED_INCLUDE_IN_FRAMEWORK_HEADER = YES;
				CLANG_WARN_RANGE_LOOP_ANALYSIS = YES;
				CLANG_WARN_STRICT_PROTOTYPES = YES;
				CLANG_WARN_SUSPICIOUS_MOVE = YES;
				CLANG_WARN_UNREACHABLE_CODE = YES;
				CLANG_WARN__DUPLICATE_METHOD_MATCH = YES;
				"CODE_SIGN_ENTITLEMENTS[sdk=*]" = "";
				CODE_SIGN_IDENTITY = "Apple Development";
				CODE_SIGN_INJECT_BASE_ENTITLEMENTS = NO;
				CODE_SIGN_STYLE = Automatic;
				COPY_PHASE_STRIP = YES;
				DEAD_CODE_STRIPPING = YES;
				DEBUG_INFORMATION_FORMAT = "";
				DEVELOPMENT_TEAM = 6U7YY3724Y;
				ENABLE_APP_SANDBOX = YES;
				ENABLE_HARDENED_RUNTIME = YES;
				ENABLE_STRICT_OBJC_MSGSEND = YES;
				GCC_CHAR_IS_UNSIGNED_CHAR = NO;
				GCC_NO_COMMON_BLOCKS = YES;
				GCC_OPTIMIZATION_LEVEL = 3;
				GCC_WARN_64_TO_32_BIT_CONVERSION = YES;
				GCC_WARN_ABOUT_RETURN_TYPE = YES;
				GCC_WARN_PEDANTIC = NO;
				GCC_WARN_UNDECLARED_SELECTOR = YES;
				GCC_WARN_UNINITIALIZED_AUTOS = NO;
				GCC_WARN_UNUSED_FUNCTION = YES;
				GCC_WARN_UNUSED_VARIABLE = YES;
				MACOSX_DEPLOYMENT_TARGET = 10.13;
				ONLY_ACTIVE_ARCH = NO;
				SDKROOT = macosx;
			};
			name = Release;
		};
		961CCEC809F239C100528FF9 /* Debug */ = {
			isa = XCBuildConfiguration;
			buildSettings = {
				ASSETCATALOG_COMPILER_APPICON_NAME = AppIcon;
				CLANG_CXX_LANGUAGE_STANDARD = "gnu++17";
				CLANG_CXX_LIBRARY = "libc++";
				CLANG_ENABLE_MODULES = NO;
				CLANG_ENABLE_OBJC_ARC = YES;
				CLANG_MODULES_AUTOLINK = NO;
				CLANG_WARN_IMPLICIT_SIGN_CONVERSION = YES;
				CLANG_WARN_SUSPICIOUS_IMPLICIT_CONVERSION = YES;
				CODE_SIGN_ENTITLEMENTS = Spatterlight.entitlements;
				CODE_SIGN_IDENTITY = "Apple Development";
				CODE_SIGN_INJECT_BASE_ENTITLEMENTS = YES;
				CODE_SIGN_STYLE = Automatic;
				COMBINE_HIDPI_IMAGES = YES;
				COPY_PHASE_STRIP = NO;
				CURRENT_PROJECT_VERSION = "$(APP_BUILD)";
				DEAD_CODE_STRIPPING = YES;
				DEVELOPMENT_TEAM = 6U7YY3724Y;
				ENABLE_HARDENED_RUNTIME = YES;
				ENABLE_USER_SELECTED_FILES = readwrite;
				GCC_DYNAMIC_NO_PIC = NO;
				GCC_GENERATE_DEBUGGING_SYMBOLS = YES;
				GCC_OPTIMIZATION_LEVEL = 0;
				GCC_PREPROCESSOR_DEFINITIONS = DEBUG;
				GCC_WARN_ABOUT_MISSING_FIELD_INITIALIZERS = YES;
				GCC_WARN_ABOUT_MISSING_NEWLINE = YES;
				GCC_WARN_ABOUT_MISSING_PROTOTYPES = NO;
				GCC_WARN_ABOUT_POINTER_SIGNEDNESS = YES;
				GCC_WARN_INITIALIZER_NOT_FULLY_BRACKETED = YES;
				GCC_WARN_SHADOW = YES;
				GCC_WARN_SIGN_COMPARE = YES;
				GCC_WARN_UNUSED_PARAMETER = NO;
				INFOPLIST_FILE = resources/Info.plist;
				INFOPLIST_KEY_CFBundleDisplayName = Spatterlight;
				INSTALL_PATH = /Applications;
				LD_RUNPATH_SEARCH_PATHS = (
					"@loader_path/../Frameworks",
					"@executable_path/../Frameworks",
				);
				LIBRARY_SEARCH_PATHS = "$(LIBRARY_SEARCH_PATHS)";
				MARKETING_VERSION = 0.9.9;
				OTHER_LDFLAGS = (
					"-framework",
					Foundation,
					"-framework",
					AppKit,
				);
				PRODUCT_BUNDLE_IDENTIFIER = net.ccxvii.spatterlight;
				PRODUCT_NAME = Spatterlight;
				SKIP_INSTALL = NO;
				STRIP_PNG_TEXT = YES;
				WRAPPER_EXTENSION = app;
			};
			name = Debug;
		};
		961CCEC909F239C100528FF9 /* Release */ = {
			isa = XCBuildConfiguration;
			buildSettings = {
				ASSETCATALOG_COMPILER_APPICON_NAME = AppIcon;
				CLANG_CXX_LANGUAGE_STANDARD = "gnu++17";
				CLANG_CXX_LIBRARY = "libc++";
				CLANG_ENABLE_MODULES = NO;
				CLANG_ENABLE_OBJC_ARC = YES;
				CLANG_MODULES_AUTOLINK = NO;
				CLANG_WARN_IMPLICIT_SIGN_CONVERSION = YES;
				CLANG_WARN_SUSPICIOUS_IMPLICIT_CONVERSION = YES;
				CODE_SIGN_ENTITLEMENTS = Spatterlight.entitlements;
				CODE_SIGN_IDENTITY = "Apple Development";
				CODE_SIGN_INJECT_BASE_ENTITLEMENTS = YES;
				CODE_SIGN_STYLE = Automatic;
				COMBINE_HIDPI_IMAGES = YES;
				COPY_PHASE_STRIP = NO;
				CURRENT_PROJECT_VERSION = 0.9.9;
				DEAD_CODE_STRIPPING = YES;
				DEBUG_INFORMATION_FORMAT = "dwarf-with-dsym";
				DEVELOPMENT_TEAM = 6U7YY3724Y;
				ENABLE_HARDENED_RUNTIME = YES;
				ENABLE_USER_SELECTED_FILES = readwrite;
				GCC_GENERATE_DEBUGGING_SYMBOLS = NO;
				GCC_OPTIMIZATION_LEVEL = 3;
				GCC_WARN_ABOUT_MISSING_FIELD_INITIALIZERS = YES;
				GCC_WARN_ABOUT_MISSING_NEWLINE = YES;
				GCC_WARN_ABOUT_MISSING_PROTOTYPES = NO;
				GCC_WARN_ABOUT_POINTER_SIGNEDNESS = YES;
				GCC_WARN_INITIALIZER_NOT_FULLY_BRACKETED = YES;
				GCC_WARN_SHADOW = YES;
				GCC_WARN_SIGN_COMPARE = YES;
				GCC_WARN_UNUSED_PARAMETER = NO;
				INFOPLIST_FILE = resources/Info.plist;
				INFOPLIST_KEY_CFBundleDisplayName = Spatterlight;
				INSTALL_PATH = /Applications;
				LD_RUNPATH_SEARCH_PATHS = (
					"@loader_path/../Frameworks",
					"@executable_path/../Frameworks",
				);
				LIBRARY_SEARCH_PATHS = "$(LIBRARY_SEARCH_PATHS)";
				MARKETING_VERSION = 0.9.9;
				OTHER_LDFLAGS = (
					"-framework",
					Foundation,
					"-framework",
					AppKit,
				);
				PRODUCT_BUNDLE_IDENTIFIER = net.ccxvii.spatterlight;
				PRODUCT_NAME = Spatterlight;
				SKIP_INSTALL = NO;
				STRIP_PNG_TEXT = YES;
				WRAPPER_EXTENSION = app;
			};
			name = Release;
		};
/* End XCBuildConfiguration section */

/* Begin XCConfigurationList section */
		961CCE6109F2375A00528FF9 /* Build configuration list for PBXProject "Spatterlight" */ = {
			isa = XCConfigurationList;
			buildConfigurations = (
				961CCE6209F2375A00528FF9 /* Debug */,
				961CCE6309F2375A00528FF9 /* Release */,
			);
			defaultConfigurationIsVisible = 0;
			defaultConfigurationName = Release;
		};
		961CCEC709F239C100528FF9 /* Build configuration list for PBXNativeTarget "Spatterlight" */ = {
			isa = XCConfigurationList;
			buildConfigurations = (
				961CCEC809F239C100528FF9 /* Debug */,
				961CCEC909F239C100528FF9 /* Release */,
			);
			defaultConfigurationIsVisible = 0;
			defaultConfigurationName = Release;
		};
/* End XCConfigurationList section */

/* Begin XCVersionGroup section */
		6DCDF488244CD97100EB5D3B /* Spatterlight.xcdatamodeld */ = {
			isa = XCVersionGroup;
			children = (
				C30D583F295F539100BA063C /* Spatterlight 13.xcdatamodel */,
				C3EE1A6127CACFE30008D790 /* Spatterlight 12.xcdatamodel */,
				C39D4A21270BABE100517633 /* Spatterlight 11.xcdatamodel */,
				C376239726ADE2A6003FA055 /* Spatterlight 10.xcdatamodel */,
				C3CB504D26627B1A00A95BE2 /* Spatterlight 9.xcdatamodel */,
				C3C4D295264C6F7A0042C616 /* Spatterlight 8.xcdatamodel */,
				C3BD71E32630E3350061E55C /* Spatterlight 7.xcdatamodel */,
				C309873F25CAF17200750F72 /* Spatterlight 6.xcdatamodel */,
				C3CDF24925A3C26000FA3451 /* Spatterlight 5.xcdatamodel */,
				C30BB94B2598B22D000F34F0 /* Spatterlight 4.xcdatamodel */,
				6DC1FAEC252A3DB900540C6E /* Spatterlight 3.xcdatamodel */,
				6D21273A246C28D100D775A8 /* Spatterlight 2.xcdatamodel */,
				6DCDF489244CD97100EB5D3B /* Spatterlight.xcdatamodel */,
			);
			currentVersion = C30D583F295F539100BA063C /* Spatterlight 13.xcdatamodel */;
			path = Spatterlight.xcdatamodeld;
			sourceTree = "<group>";
			versionGroupType = wrapper.xcdatamodel;
		};
/* End XCVersionGroup section */
	};
	rootObject = 961CCE6009F2375A00528FF9 /* Project object */;
}
